// !$*UTF8*$!
{
	archiveVersion = 1;
	classes = {
	};
	objectVersion = 77;
	objects = {

/* Begin PBXContainerItemProxy section */
		F24C59EB2E81E16A000FD6A1 /* PBXContainerItemProxy */ = {
			isa = PBXContainerItemProxy;
			containerPortal = F24C59C92E81E169000FD6A1 /* Project object */;
			proxyType = 1;
			remoteGlobalIDString = F24C59D02E81E169000FD6A1;
			remoteInfo = ClinicaSanAgustin;
		};
		F24C59F52E81E16B000FD6A1 /* PBXContainerItemProxy */ = {
			isa = PBXContainerItemProxy;
			containerPortal = F24C59C92E81E169000FD6A1 /* Project object */;
			proxyType = 1;
			remoteGlobalIDString = F24C59D02E81E169000FD6A1;
			remoteInfo = ClinicaSanAgustin;
		};
/* End PBXContainerItemProxy section */

/* Begin PBXFileReference section */
		F24C59D12E81E169000FD6A1 /* ClinicaSanAgustin.app */ = {isa = PBXFileReference; explicitFileType = wrapper.application; includeInIndex = 0; path = ClinicaSanAgustin.app; sourceTree = BUILT_PRODUCTS_DIR; };
		F24C59EA2E81E16A000FD6A1 /* ClinicaSanAgustinTests.xctest */ = {isa = PBXFileReference; explicitFileType = wrapper.cfbundle; includeInIndex = 0; path = ClinicaSanAgustinTests.xctest; sourceTree = BUILT_PRODUCTS_DIR; };
		F24C59F42E81E16B000FD6A1 /* ClinicaSanAgustinUITests.xctest */ = {isa = PBXFileReference; explicitFileType = wrapper.cfbundle; includeInIndex = 0; path = ClinicaSanAgustinUITests.xctest; sourceTree = BUILT_PRODUCTS_DIR; };
/* End PBXFileReference section */

/* Begin PBXFileSystemSynchronizedBuildFileExceptionSet section */
		F24C59FC2E81E16B000FD6A1 /* Exceptions for "ClinicaSanAgustin" folder in "ClinicaSanAgustin" target */ = {
			isa = PBXFileSystemSynchronizedBuildFileExceptionSet;
			membershipExceptions = (
				Info.plist,
			);
			target = F24C59D02E81E169000FD6A1 /* ClinicaSanAgustin */;
		};
/* End PBXFileSystemSynchronizedBuildFileExceptionSet section */

/* Begin PBXFileSystemSynchronizedRootGroup section */
		F24C59D32E81E169000FD6A1 /* ClinicaSanAgustin */ = {
			isa = PBXFileSystemSynchronizedRootGroup;
			exceptions = (
				F24C59FC2E81E16B000FD6A1 /* Exceptions for "ClinicaSanAgustin" folder in "ClinicaSanAgustin" target */,
			);
			path = ClinicaSanAgustin;
			sourceTree = "<group>";
		};
		F24C59ED2E81E16A000FD6A1 /* ClinicaSanAgustinTests */ = {
			isa = PBXFileSystemSynchronizedRootGroup;
			path = ClinicaSanAgustinTests;
			sourceTree = "<group>";
		};
		F24C59F72E81E16B000FD6A1 /* ClinicaSanAgustinUITests */ = {
			isa = PBXFileSystemSynchronizedRootGroup;
			path = ClinicaSanAgustinUITests;
			sourceTree = "<group>";
		};
/* End PBXFileSystemSynchronizedRootGroup section */

/* Begin PBXFrameworksBuildPhase section */
		F24C59CE2E81E169000FD6A1 /* Frameworks */ = {
			isa = PBXFrameworksBuildPhase;
			buildActionMask = 2147483647;
			files = (
			);
			runOnlyForDeploymentPostprocessing = 0;
		};
		F24C59E72E81E16A000FD6A1 /* Frameworks */ = {
			isa = PBXFrameworksBuildPhase;
			buildActionMask = 2147483647;
			files = (
			);
			runOnlyForDeploymentPostprocessing = 0;
		};
		F24C59F12E81E16B000FD6A1 /* Frameworks */ = {
			isa = PBXFrameworksBuildPhase;
			buildActionMask = 2147483647;
			files = (
			);
			runOnlyForDeploymentPostprocessing = 0;
		};
/* End PBXFrameworksBuildPhase section */

/* Begin PBXGroup section */
		F24C59C82E81E169000FD6A1 = {
			isa = PBXGroup;
			children = (
				F24C59D32E81E169000FD6A1 /* ClinicaSanAgustin */,
				F24C59ED2E81E16A000FD6A1 /* ClinicaSanAgustinTests */,
				F24C59F72E81E16B000FD6A1 /* ClinicaSanAgustinUITests */,
				F24C59D22E81E169000FD6A1 /* Products */,
			);
			sourceTree = "<group>";
		};
		F24C59D22E81E169000FD6A1 /* Products */ = {
			isa = PBXGroup;
			children = (
				F24C59D12E81E169000FD6A1 /* ClinicaSanAgustin.app */,
				F24C59EA2E81E16A000FD6A1 /* ClinicaSanAgustinTests.xctest */,
				F24C59F42E81E16B000FD6A1 /* ClinicaSanAgustinUITests.xctest */,
			);
			name = Products;
			sourceTree = "<group>";
		};
/* End PBXGroup section */

/* Begin PBXNativeTarget section */
		F24C59D02E81E169000FD6A1 /* ClinicaSanAgustin */ = {
			isa = PBXNativeTarget;
			buildConfigurationList = F24C59FD2E81E16B000FD6A1 /* Build configuration list for PBXNativeTarget "ClinicaSanAgustin" */;
			buildPhases = (
				F24C59CD2E81E169000FD6A1 /* Sources */,
				F24C59CE2E81E169000FD6A1 /* Frameworks */,
				F24C59CF2E81E169000FD6A1 /* Resources */,
			);
			buildRules = (
			);
			dependencies = (
			);
			fileSystemSynchronizedGroups = (
				F24C59D32E81E169000FD6A1 /* ClinicaSanAgustin */,
			);
			name = ClinicaSanAgustin;
			packageProductDependencies = (
			);
			productName = ClinicaSanAgustin;
			productReference = F24C59D12E81E169000FD6A1 /* ClinicaSanAgustin.app */;
			productType = "com.apple.product-type.application";
		};
		F24C59E92E81E16A000FD6A1 /* ClinicaSanAgustinTests */ = {
			isa = PBXNativeTarget;
			buildConfigurationList = F24C5A022E81E16B000FD6A1 /* Build configuration list for PBXNativeTarget "ClinicaSanAgustinTests" */;
			buildPhases = (
				F24C59E62E81E16A000FD6A1 /* Sources */,
				F24C59E72E81E16A000FD6A1 /* Frameworks */,
				F24C59E82E81E16A000FD6A1 /* Resources */,
			);
			buildRules = (
			);
			dependencies = (
				F24C59EC2E81E16A000FD6A1 /* PBXTargetDependency */,
			);
			fileSystemSynchronizedGroups = (
				F24C59ED2E81E16A000FD6A1 /* ClinicaSanAgustinTests */,
			);
			name = ClinicaSanAgustinTests;
			packageProductDependencies = (
			);
			productName = ClinicaSanAgustinTests;
			productReference = F24C59EA2E81E16A000FD6A1 /* ClinicaSanAgustinTests.xctest */;
			productType = "com.apple.product-type.bundle.unit-test";
		};
		F24C59F32E81E16B000FD6A1 /* ClinicaSanAgustinUITests */ = {
			isa = PBXNativeTarget;
			buildConfigurationList = F24C5A052E81E16B000FD6A1 /* Build configuration list for PBXNativeTarget "ClinicaSanAgustinUITests" */;
			buildPhases = (
				F24C59F02E81E16B000FD6A1 /* Sources */,
				F24C59F12E81E16B000FD6A1 /* Frameworks */,
				F24C59F22E81E16B000FD6A1 /* Resources */,
			);
			buildRules = (
			);
			dependencies = (
				F24C59F62E81E16B000FD6A1 /* PBXTargetDependency */,
			);
			fileSystemSynchronizedGroups = (
				F24C59F72E81E16B000FD6A1 /* ClinicaSanAgustinUITests */,
			);
			name = ClinicaSanAgustinUITests;
			packageProductDependencies = (
			);
			productName = ClinicaSanAgustinUITests;
			productReference = F24C59F42E81E16B000FD6A1 /* ClinicaSanAgustinUITests.xctest */;
			productType = "com.apple.product-type.bundle.ui-testing";
		};
/* End PBXNativeTarget section */

/* Begin PBXProject section */
		F24C59C92E81E169000FD6A1 /* Project object */ = {
			isa = PBXProject;
			attributes = {
				BuildIndependentTargetsInParallel = 1;
				LastSwiftUpdateCheck = 2600;
				LastUpgradeCheck = 2600;
				TargetAttributes = {
					F24C59D02E81E169000FD6A1 = {
						CreatedOnToolsVersion = 26.0;
					};
					F24C59E92E81E16A000FD6A1 = {
						CreatedOnToolsVersion = 26.0;
						TestTargetID = F24C59D02E81E169000FD6A1;
					};
					F24C59F32E81E16B000FD6A1 = {
						CreatedOnToolsVersion = 26.0;
						TestTargetID = F24C59D02E81E169000FD6A1;
					};
				};
			};
			buildConfigurationList = F24C59CC2E81E169000FD6A1 /* Build configuration list for PBXProject "ClinicaSanAgustin" */;
			developmentRegion = en;
			hasScannedForEncodings = 0;
			knownRegions = (
				en,
				Base,
			);
			mainGroup = F24C59C82E81E169000FD6A1;
			minimizedProjectReferenceProxies = 1;
			preferredProjectObjectVersion = 77;
			productRefGroup = F24C59D22E81E169000FD6A1 /* Products */;
			projectDirPath = "";
			projectRoot = "";
			targets = (
				F24C59D02E81E169000FD6A1 /* ClinicaSanAgustin */,
				F24C59E92E81E16A000FD6A1 /* ClinicaSanAgustinTests */,
				F24C59F32E81E16B000FD6A1 /* ClinicaSanAgustinUITests */,
			);
		};
/* End PBXProject section */

/* Begin PBXResourcesBuildPhase section */
		F24C59CF2E81E169000FD6A1 /* Resources */ = {
			isa = PBXResourcesBuildPhase;
			buildActionMask = 2147483647;
			files = (
			);
			runOnlyForDeploymentPostprocessing = 0;
		};
		F24C59E82E81E16A000FD6A1 /* Resources */ = {
			isa = PBXResourcesBuildPhase;
			buildActionMask = 2147483647;
			files = (
			);
			runOnlyForDeploymentPostprocessing = 0;
		};
		F24C59F22E81E16B000FD6A1 /* Resources */ = {
			isa = PBXResourcesBuildPhase;
			buildActionMask = 2147483647;
			files = (
			);
			runOnlyForDeploymentPostprocessing = 0;
		};
/* End PBXResourcesBuildPhase section */

/* Begin PBXSourcesBuildPhase section */
		F24C59CD2E81E169000FD6A1 /* Sources */ = {
			isa = PBXSourcesBuildPhase;
			buildActionMask = 2147483647;
			files = (
			);
			runOnlyForDeploymentPostprocessing = 0;
		};
		F24C59E62E81E16A000FD6A1 /* Sources */ = {
			isa = PBXSourcesBuildPhase;
			buildActionMask = 2147483647;
			files = (
			);
			runOnlyForDeploymentPostprocessing = 0;
		};
		F24C59F02E81E16B000FD6A1 /* Sources */ = {
			isa = PBXSourcesBuildPhase;
			buildActionMask = 2147483647;
			files = (
			);
			runOnlyForDeploymentPostprocessing = 0;
		};
/* End PBXSourcesBuildPhase section */

/* Begin PBXTargetDependency section */
		F24C59EC2E81E16A000FD6A1 /* PBXTargetDependency */ = {
			isa = PBXTargetDependency;
			target = F24C59D02E81E169000FD6A1 /* ClinicaSanAgustin */;
			targetProxy = F24C59EB2E81E16A000FD6A1 /* PBXContainerItemProxy */;
		};
		F24C59F62E81E16B000FD6A1 /* PBXTargetDependency */ = {
			isa = PBXTargetDependency;
			target = F24C59D02E81E169000FD6A1 /* ClinicaSanAgustin */;
			targetProxy = F24C59F52E81E16B000FD6A1 /* PBXContainerItemProxy */;
		};
/* End PBXTargetDependency section */

/* Begin XCBuildConfiguration section */
		F24C59FE2E81E16B000FD6A1 /* Debug */ = {
			isa = XCBuildConfiguration;
			buildSettings = {
				ASSETCATALOG_COMPILER_APPICON_NAME = AppIcon;
				ASSETCATALOG_COMPILER_GLOBAL_ACCENT_COLOR_NAME = AccentColor;
				CODE_SIGN_STYLE = Automatic;
				CURRENT_PROJECT_VERSION = 1;
				DEVELOPMENT_TEAM = MC2W678MVZ;
				GENERATE_INFOPLIST_FILE = YES;
				INFOPLIST_FILE = ClinicaSanAgustin/Info.plist;
				INFOPLIST_KEY_UIApplicationSupportsIndirectInputEvents = YES;
				INFOPLIST_KEY_UILaunchStoryboardName = LaunchScreen;
				INFOPLIST_KEY_UIMainStoryboardFile = "";
				INFOPLIST_KEY_UISupportedInterfaceOrientations_iPad = "UIInterfaceOrientationPortrait UIInterfaceOrientationPortraitUpsideDown UIInterfaceOrientationLandscapeLeft UIInterfaceOrientationLandscapeRight";
				INFOPLIST_KEY_UISupportedInterfaceOrientations_iPhone = "UIInterfaceOrientationPortrait UIInterfaceOrientationLandscapeLeft UIInterfaceOrientationLandscapeRight";
				IPHONEOS_DEPLOYMENT_TARGET = 16.6;
				LD_RUNPATH_SEARCH_PATHS = (
					"$(inherited)",
					"@executable_path/Frameworks",
				);
				MARKETING_VERSION = 1.0;
				PRODUCT_BUNDLE_IDENTIFIER = mx.com.nut.ClinicaSanAgustin;
				PRODUCT_NAME = "$(TARGET_NAME)";
				STRING_CATALOG_GENERATE_SYMBOLS = YES;
				SWIFT_APPROACHABLE_CONCURRENCY = YES;
				SWIFT_DEFAULT_ACTOR_ISOLATION = MainActor;
				SWIFT_EMIT_LOC_STRINGS = YES;
				SWIFT_UPCOMING_FEATURE_MEMBER_IMPORT_VISIBILITY = YES;
				SWIFT_VERSION = 5.0;
				TARGETED_DEVICE_FAMILY = "1,2";
			};
			name = Debug;
		};
		F24C59FF2E81E16B000FD6A1 /* Release */ = {
			isa = XCBuildConfiguration;
			buildSettings = {
				ASSETCATALOG_COMPILER_APPICON_NAME = AppIcon;
				ASSETCATALOG_COMPILER_GLOBAL_ACCENT_COLOR_NAME = AccentColor;
				CODE_SIGN_STYLE = Automatic;
				CURRENT_PROJECT_VERSION = 1;
				DEVELOPMENT_TEAM = MC2W678MVZ;
				GENERATE_INFOPLIST_FILE = YES;
				INFOPLIST_FILE = ClinicaSanAgustin/Info.plist;
				INFOPLIST_KEY_UIApplicationSupportsIndirectInputEvents = YES;
				INFOPLIST_KEY_UILaunchStoryboardName = LaunchScreen;
				INFOPLIST_KEY_UIMainStoryboardFile = "";
				INFOPLIST_KEY_UISupportedInterfaceOrientations_iPad = "UIInterfaceOrientationPortrait UIInterfaceOrientationPortraitUpsideDown UIInterfaceOrientationLandscapeLeft UIInterfaceOrientationLandscapeRight";
				INFOPLIST_KEY_UISupportedInterfaceOrientations_iPhone = "UIInterfaceOrientationPortrait UIInterfaceOrientationLandscapeLeft UIInterfaceOrientationLandscapeRight";
				IPHONEOS_DEPLOYMENT_TARGET = 16.6;
				LD_RUNPATH_SEARCH_PATHS = (
					"$(inherited)",
					"@executable_path/Frameworks",
				);
				MARKETING_VERSION = 1.0;
				PRODUCT_BUNDLE_IDENTIFIER = mx.com.nut.ClinicaSanAgustin;
				PRODUCT_NAME = "$(TARGET_NAME)";
				STRING_CATALOG_GENERATE_SYMBOLS = YES;
				SWIFT_APPROACHABLE_CONCURRENCY = YES;
				SWIFT_DEFAULT_ACTOR_ISOLATION = MainActor;
				SWIFT_EMIT_LOC_STRINGS = YES;
				SWIFT_UPCOMING_FEATURE_MEMBER_IMPORT_VISIBILITY = YES;
				SWIFT_VERSION = 5.0;
				TARGETED_DEVICE_FAMILY = "1,2";
			};
			name = Release;
		};
		F24C5A002E81E16B000FD6A1 /* Debug */ = {
			isa = XCBuildConfiguration;
			buildSettings = {
				ALWAYS_SEARCH_USER_PATHS = NO;
				ASSETCATALOG_COMPILER_GENERATE_SWIFT_ASSET_SYMBOL_EXTENSIONS = YES;
				CLANG_ANALYZER_NONNULL = YES;
				CLANG_ANALYZER_NUMBER_OBJECT_CONVERSION = YES_AGGRESSIVE;
				CLANG_CXX_LANGUAGE_STANDARD = "gnu++20";
				CLANG_ENABLE_MODULES = YES;
				CLANG_ENABLE_OBJC_ARC = YES;
				CLANG_ENABLE_OBJC_WEAK = YES;
				CLANG_WARN_BLOCK_CAPTURE_AUTORELEASING = YES;
				CLANG_WARN_BOOL_CONVERSION = YES;
				CLANG_WARN_COMMA = YES;
				CLANG_WARN_CONSTANT_CONVERSION = YES;
				CLANG_WARN_DEPRECATED_OBJC_IMPLEMENTATIONS = YES;
				CLANG_WARN_DIRECT_OBJC_ISA_USAGE = YES_ERROR;
				CLANG_WARN_DOCUMENTATION_COMMENTS = YES;
				CLANG_WARN_EMPTY_BODY = YES;
				CLANG_WARN_ENUM_CONVERSION = YES;
				CLANG_WARN_INFINITE_RECURSION = YES;
				CLANG_WARN_INT_CONVERSION = YES;
				CLANG_WARN_NON_LITERAL_NULL_CONVERSION = YES;
				CLANG_WARN_OBJC_IMPLICIT_RETAIN_SELF = YES;
				CLANG_WARN_OBJC_LITERAL_CONVERSION = YES;
				CLANG_WARN_OBJC_ROOT_CLASS = YES_ERROR;
				CLANG_WARN_QUOTED_INCLUDE_IN_FRAMEWORK_HEADER = YES;
				CLANG_WARN_RANGE_LOOP_ANALYSIS = YES;
				CLANG_WARN_STRICT_PROTOTYPES = YES;
				CLANG_WARN_SUSPICIOUS_MOVE = YES;
				CLANG_WARN_UNGUARDED_AVAILABILITY = YES_AGGRESSIVE;
				CLANG_WARN_UNREACHABLE_CODE = YES;
				CLANG_WARN__DUPLICATE_METHOD_MATCH = YES;
				COPY_PHASE_STRIP = NO;
				DEBUG_INFORMATION_FORMAT = dwarf;
				DEVELOPMENT_TEAM = MC2W678MVZ;
				ENABLE_STRICT_OBJC_MSGSEND = YES;
				ENABLE_TESTABILITY = YES;
				ENABLE_USER_SCRIPT_SANDBOXING = YES;
				GCC_C_LANGUAGE_STANDARD = gnu17;
				GCC_DYNAMIC_NO_PIC = NO;
				GCC_NO_COMMON_BLOCKS = YES;
				GCC_OPTIMIZATION_LEVEL = 0;
				GCC_PREPROCESSOR_DEFINITIONS = (
					"DEBUG=1",
					"$(inherited)",
				);
				GCC_WARN_64_TO_32_BIT_CONVERSION = YES;
				GCC_WARN_ABOUT_RETURN_TYPE = YES_ERROR;
				GCC_WARN_UNDECLARED_SELECTOR = YES;
				GCC_WARN_UNINITIALIZED_AUTOS = YES_AGGRESSIVE;
				GCC_WARN_UNUSED_FUNCTION = YES;
				GCC_WARN_UNUSED_VARIABLE = YES;
				IPHONEOS_DEPLOYMENT_TARGET = 26.0;
				LOCALIZATION_PREFERS_STRING_CATALOGS = YES;
				MTL_ENABLE_DEBUG_INFO = INCLUDE_SOURCE;
				MTL_FAST_MATH = YES;
				ONLY_ACTIVE_ARCH = YES;
				SDKROOT = iphoneos;
				SWIFT_ACTIVE_COMPILATION_CONDITIONS = "DEBUG $(inherited)";
				SWIFT_OPTIMIZATION_LEVEL = "-Onone";
			};
			name = Debug;
		};
		F24C5A012E81E16B000FD6A1 /* Release */ = {
			isa = XCBuildConfiguration;
			buildSettings = {
				ALWAYS_SEARCH_USER_PATHS = NO;
				ASSETCATALOG_COMPILER_GENERATE_SWIFT_ASSET_SYMBOL_EXTENSIONS = YES;
				CLANG_ANALYZER_NONNULL = YES;
				CLANG_ANALYZER_NUMBER_OBJECT_CONVERSION = YES_AGGRESSIVE;
				CLANG_CXX_LANGUAGE_STANDARD = "gnu++20";
				CLANG_ENABLE_MODULES = YES;
				CLANG_ENABLE_OBJC_ARC = YES;
				CLANG_ENABLE_OBJC_WEAK = YES;
				CLANG_WARN_BLOCK_CAPTURE_AUTORELEASING = YES;
				CLANG_WARN_BOOL_CONVERSION = YES;
				CLANG_WARN_COMMA = YES;
				CLANG_WARN_CONSTANT_CONVERSION = YES;
				CLANG_WARN_DEPRECATED_OBJC_IMPLEMENTATIONS = YES;
				CLANG_WARN_DIRECT_OBJC_ISA_USAGE = YES_ERROR;
				CLANG_WARN_DOCUMENTATION_COMMENTS = YES;
				CLANG_WARN_EMPTY_BODY = YES;
				CLANG_WARN_ENUM_CONVERSION = YES;
				CLANG_WARN_INFINITE_RECURSION = YES;
				CLANG_WARN_INT_CONVERSION = YES;
				CLANG_WARN_NON_LITERAL_NULL_CONVERSION = YES;
				CLANG_WARN_OBJC_IMPLICIT_RETAIN_SELF = YES;
				CLANG_WARN_OBJC_LITERAL_CONVERSION = YES;
				CLANG_WARN_OBJC_ROOT_CLASS = YES_ERROR;
				CLANG_WARN_QUOTED_INCLUDE_IN_FRAMEWORK_HEADER = YES;
				CLANG_WARN_RANGE_LOOP_ANALYSIS = YES;
				CLANG_WARN_STRICT_PROTOTYPES = YES;
				CLANG_WARN_SUSPICIOUS_MOVE = YES;
				CLANG_WARN_UNGUARDED_AVAILABILITY = YES_AGGRESSIVE;
				CLANG_WARN_UNREACHABLE_CODE = YES;
				CLANG_WARN__DUPLICATE_METHOD_MATCH = YES;
				COPY_PHASE_STRIP = NO;
				DEBUG_INFORMATION_FORMAT = "dwarf-with-dsym";
				DEVELOPMENT_TEAM = MC2W678MVZ;
				ENABLE_NS_ASSERTIONS = NO;
				ENABLE_STRICT_OBJC_MSGSEND = YES;
				ENABLE_USER_SCRIPT_SANDBOXING = YES;
				GCC_C_LANGUAGE_STANDARD = gnu17;
				GCC_NO_COMMON_BLOCKS = YES;
				GCC_WARN_64_TO_32_BIT_CONVERSION = YES;
				GCC_WARN_ABOUT_RETURN_TYPE = YES_ERROR;
				GCC_WARN_UNDECLARED_SELECTOR = YES;
				GCC_WARN_UNINITIALIZED_AUTOS = YES_AGGRESSIVE;
				GCC_WARN_UNUSED_FUNCTION = YES;
				GCC_WARN_UNUSED_VARIABLE = YES;
				IPHONEOS_DEPLOYMENT_TARGET = 26.0;
				LOCALIZATION_PREFERS_STRING_CATALOGS = YES;
				MTL_ENABLE_DEBUG_INFO = NO;
				MTL_FAST_MATH = YES;
				SDKROOT = iphoneos;
				SWIFT_COMPILATION_MODE = wholemodule;
				VALIDATE_PRODUCT = YES;
			};
			name = Release;
		};
		F24C5A032E81E16B000FD6A1 /* Debug */ = {
			isa = XCBuildConfiguration;
			buildSettings = {
				BUNDLE_LOADER = "$(TEST_HOST)";
				CODE_SIGN_STYLE = Automatic;
				CURRENT_PROJECT_VERSION = 1;
				DEVELOPMENT_TEAM = MC2W678MVZ;
				GENERATE_INFOPLIST_FILE = YES;
				IPHONEOS_DEPLOYMENT_TARGET = 26.0;
				MARKETING_VERSION = 1.0;
				PRODUCT_BUNDLE_IDENTIFIER = mx.com.nut.ClinicaSanAgustinTests;
				PRODUCT_NAME = "$(TARGET_NAME)";
				STRING_CATALOG_GENERATE_SYMBOLS = NO;
				SWIFT_APPROACHABLE_CONCURRENCY = YES;
				SWIFT_EMIT_LOC_STRINGS = NO;
				SWIFT_UPCOMING_FEATURE_MEMBER_IMPORT_VISIBILITY = YES;
				SWIFT_VERSION = 5.0;
				TARGETED_DEVICE_FAMILY = "1,2";
				TEST_HOST = "$(BUILT_PRODUCTS_DIR)/ClinicaSanAgustin.app/$(BUNDLE_EXECUTABLE_FOLDER_PATH)/ClinicaSanAgustin";
			};
			name = Debug;
		};
		F24C5A042E81E16B000FD6A1 /* Release */ = {
			isa = XCBuildConfiguration;
			buildSettings = {
				BUNDLE_LOADER = "$(TEST_HOST)";
				CODE_SIGN_STYLE = Automatic;
				CURRENT_PROJECT_VERSION = 1;
				DEVELOPMENT_TEAM = MC2W678MVZ;
				GENERATE_INFOPLIST_FILE = YES;
				IPHONEOS_DEPLOYMENT_TARGET = 26.0;
				MARKETING_VERSION = 1.0;
				PRODUCT_BUNDLE_IDENTIFIER = mx.com.nut.ClinicaSanAgustinTests;
				PRODUCT_NAME = "$(TARGET_NAME)";
				STRING_CATALOG_GENERATE_SYMBOLS = NO;
				SWIFT_APPROACHABLE_CONCURRENCY = YES;
				SWIFT_EMIT_LOC_STRINGS = NO;
				SWIFT_UPCOMING_FEATURE_MEMBER_IMPORT_VISIBILITY = YES;
				SWIFT_VERSION = 5.0;
				TARGETED_DEVICE_FAMILY = "1,2";
				TEST_HOST = "$(BUILT_PRODUCTS_DIR)/ClinicaSanAgustin.app/$(BUNDLE_EXECUTABLE_FOLDER_PATH)/ClinicaSanAgustin";
			};
			name = Release;
		};
		F24C5A062E81E16B000FD6A1 /* Debug */ = {
			isa = XCBuildConfiguration;
			buildSettings = {
				CODE_SIGN_STYLE = Automatic;
				CURRENT_PROJECT_VERSION = 1;
				DEVELOPMENT_TEAM = MC2W678MVZ;
				GENERATE_INFOPLIST_FILE = YES;
				MARKETING_VERSION = 1.0;
				PRODUCT_BUNDLE_IDENTIFIER = mx.com.nut.ClinicaSanAgustinUITests;
				PRODUCT_NAME = "$(TARGET_NAME)";
				STRING_CATALOG_GENERATE_SYMBOLS = NO;
				SWIFT_APPROACHABLE_CONCURRENCY = YES;
				SWIFT_EMIT_LOC_STRINGS = NO;
				SWIFT_UPCOMING_FEATURE_MEMBER_IMPORT_VISIBILITY = YES;
				SWIFT_VERSION = 5.0;
				TARGETED_DEVICE_FAMILY = "1,2";
				TEST_TARGET_NAME = ClinicaSanAgustin;
			};
			name = Debug;
		};
		F24C5A072E81E16B000FD6A1 /* Release */ = {
			isa = XCBuildConfiguration;
			buildSettings = {
				CODE_SIGN_STYLE = Automatic;
				CURRENT_PROJECT_VERSION = 1;
				DEVELOPMENT_TEAM = MC2W678MVZ;
				GENERATE_INFOPLIST_FILE = YES;
				MARKETING_VERSION = 1.0;
				PRODUCT_BUNDLE_IDENTIFIER = mx.com.nut.ClinicaSanAgustinUITests;
				PRODUCT_NAME = "$(TARGET_NAME)";
				STRING_CATALOG_GENERATE_SYMBOLS = NO;
				SWIFT_APPROACHABLE_CONCURRENCY = YES;
				SWIFT_EMIT_LOC_STRINGS = NO;
				SWIFT_UPCOMING_FEATURE_MEMBER_IMPORT_VISIBILITY = YES;
				SWIFT_VERSION = 5.0;
				TARGETED_DEVICE_FAMILY = "1,2";
				TEST_TARGET_NAME = ClinicaSanAgustin;
			};
			name = Release;
		};
/* End XCBuildConfiguration section */

/* Begin XCConfigurationList section */
		F24C59CC2E81E169000FD6A1 /* Build configuration list for PBXProject "ClinicaSanAgustin" */ = {
			isa = XCConfigurationList;
			buildConfigurations = (
				F24C5A002E81E16B000FD6A1 /* Debug */,
				F24C5A012E81E16B000FD6A1 /* Release */,
			);
			defaultConfigurationIsVisible = 0;
			defaultConfigurationName = Release;
		};
		F24C59FD2E81E16B000FD6A1 /* Build configuration list for PBXNativeTarget "ClinicaSanAgustin" */ = {
			isa = XCConfigurationList;
			buildConfigurations = (
				F24C59FE2E81E16B000FD6A1 /* Debug */,
				F24C59FF2E81E16B000FD6A1 /* Release */,
			);
			defaultConfigurationIsVisible = 0;
			defaultConfigurationName = Release;
		};
		F24C5A022E81E16B000FD6A1 /* Build configuration list for PBXNativeTarget "ClinicaSanAgustinTests" */ = {
			isa = XCConfigurationList;
			buildConfigurations = (
				F24C5A032E81E16B000FD6A1 /* Debug */,
				F24C5A042E81E16B000FD6A1 /* Release */,
			);
			defaultConfigurationIsVisible = 0;
			defaultConfigurationName = Release;
		};
		F24C5A052E81E16B000FD6A1 /* Build configuration list for PBXNativeTarget "ClinicaSanAgustinUITests" */ = {
			isa = XCConfigurationList;
			buildConfigurations = (
				F24C5A062E81E16B000FD6A1 /* Debug */,
				F24C5A072E81E16B000FD6A1 /* Release */,
			);
			defaultConfigurationIsVisible = 0;
			defaultConfigurationName = Release;
		};
/* End XCConfigurationList section */
	};
	rootObject = F24C59C92E81E169000FD6A1 /* Project object */;
}
